
Microsoft Visual Studio Solution File, Format Version 12.00
# Visual Studio Version 16
VisualStudioVersion = 16.0.30711.63
MinimumVisualStudioVersion = 10.0.40219.1
Project("{8BC9CEB8-8B4A-11D0-8D11-00A0C91BC942}") = "graphics_prj", "graphics_prj.vcxproj", "{611A8A6B-D5E7-41B8-B75D-3A1E8C8621A1}"
EndProject
Global
	GlobalSection(SolutionConfigurationPlatforms) = preSolution
		Debug|Win32 = Debug|Win32
		Release|Win32 = Release|Win32
	EndGlobalSection
	GlobalSection(ProjectConfigurationPlatforms) = postSolution
		{611A8A6B-D5E7-41B8-B75D-3A1E8C8621A1}.Debug|Win32.ActiveCfg = Debug|Win32
		{611A8A6B-D5E7-41B8-B75D-3A1E8C8621A1}.Debug|Win32.Build.0 = Debug|Win32
		{611A8A6B-D5E7-41B8-B75D-3A1E8C8621A1}.Release|Win32.ActiveCfg = Release|Win32
		{611A8A6B-D5E7-41B8-B75D-3A1E8C8621A1}.Release|Win32.Build.0 = Release|Win32
	EndGlobalSection
	GlobalSection(SolutionProperties) = preSolution
		HideSolutionNode = FALSE
	EndGlobalSection
	GlobalSection(ExtensibilityGlobals) = postSolution
		SolutionGuid = {8D9BE300-FE48-4508-B922-F657E87779D4}
	EndGlobalSection
EndGlobal
